
Microsoft Visual Studio Solution File, Format Version 12.00
# Visual Studio Version 16
VisualStudioVersion = 16.0.31702.278
MinimumVisualStudioVersion = 10.0.40219.1
Project("{FAE04EC0-301F-11D3-BF4B-00C04F79EFBC}") = "P01Tablice", "P01Tablice\P01Tablice.csproj", "{B84AC885-9611-4CE3-9C0D-F029A86B7EF2}"
EndProject
Project("{FAE04EC0-301F-11D3-BF4B-00C04F79EFBC}") = "P02Listy", "P02Listy\P02Listy.csproj", "{2D689645-48BA-4CFB-A2F3-6C595C3241F0}"
EndProject
Project("{FAE04EC0-301F-11D3-BF4B-00C04F79EFBC}") = "P03ZadanieListy", "P03ZadanieListy\P03ZadanieListy.csproj", "{480079C0-F7AF-42AC-8A1B-CE29CADB43DF}"
EndProject
Project("{FAE04EC0-301F-11D3-BF4B-00C04F79EFBC}") = "P04OperacjeNaTablicachIListach", "P04OperacjeNaTablicachIListach\P04OperacjeNaTablicachIListach.csproj", "{F767A37A-2652-46D1-8D59-BA7D610CA434}"
EndProject
Global
	GlobalSection(SolutionConfigurationPlatforms) = preSolution
		Debug|Any CPU = Debug|Any CPU
		Release|Any CPU = Release|Any CPU
	EndGlobalSection
	GlobalSection(ProjectConfigurationPlatforms) = postSolution
		{B84AC885-9611-4CE3-9C0D-F029A86B7EF2}.Debug|Any CPU.ActiveCfg = Debug|Any CPU
		{B84AC885-9611-4CE3-9C0D-F029A86B7EF2}.Debug|Any CPU.Build.0 = Debug|Any CPU
		{B84AC885-9611-4CE3-9C0D-F029A86B7EF2}.Release|Any CPU.ActiveCfg = Release|Any CPU
		{B84AC885-9611-4CE3-9C0D-F029A86B7EF2}.Release|Any CPU.Build.0 = Release|Any CPU
		{2D689645-48BA-4CFB-A2F3-6C595C3241F0}.Debug|Any CPU.ActiveCfg = Debug|Any CPU
		{2D689645-48BA-4CFB-A2F3-6C595C3241F0}.Debug|Any CPU.Build.0 = Debug|Any CPU
		{2D689645-48BA-4CFB-A2F3-6C595C3241F0}.Release|Any CPU.ActiveCfg = Release|Any CPU
		{2D689645-48BA-4CFB-A2F3-6C595C3241F0}.Release|Any CPU.Build.0 = Release|Any CPU
		{480079C0-F7AF-42AC-8A1B-CE29CADB43DF}.Debug|Any CPU.ActiveCfg = Debug|Any CPU
		{480079C0-F7AF-42AC-8A1B-CE29CADB43DF}.Debug|Any CPU.Build.0 = Debug|Any CPU
		{480079C0-F7AF-42AC-8A1B-CE29CADB43DF}.Release|Any CPU.ActiveCfg = Release|Any CPU
		{480079C0-F7AF-42AC-8A1B-CE29CADB43DF}.Release|Any CPU.Build.0 = Release|Any CPU
		{F767A37A-2652-46D1-8D59-BA7D610CA434}.Debug|Any CPU.ActiveCfg = Debug|Any CPU
		{F767A37A-2652-46D1-8D59-BA7D610CA434}.Debug|Any CPU.Build.0 = Debug|Any CPU
		{F767A37A-2652-46D1-8D59-BA7D610CA434}.Release|Any CPU.ActiveCfg = Release|Any CPU
		{F767A37A-2652-46D1-8D59-BA7D610CA434}.Release|Any CPU.Build.0 = Release|Any CPU
	EndGlobalSection
	GlobalSection(SolutionProperties) = preSolution
		HideSolutionNode = FALSE
	EndGlobalSection
	GlobalSection(ExtensibilityGlobals) = postSolution
		SolutionGuid = {B1CD5DF9-D407-4413-96C4-42FE73AD0DDC}
	EndGlobalSection
EndGlobal
